// !$*UTF8*$!
{
	archiveVersion = 1;
	classes = {
	};
	objectVersion = 46;
	objects = {

/* Begin PBXBuildFile section */
		40637E161CC771AB00E05C71 /* i3Utils.h in CopyFiles */ = {isa = PBXBuildFile; fileRef = 40637E151CC771AB00E05C71 /* i3Utils.h */; };
		40637E181CC771AB00E05C71 /* i3Utils.m in Sources */ = {isa = PBXBuildFile; fileRef = 40637E171CC771AB00E05C71 /* i3Utils.m */; };
/* End PBXBuildFile section */

/* Begin PBXCopyFilesBuildPhase section */
		40637E101CC771AB00E05C71 /* CopyFiles */ = {
			isa = PBXCopyFilesBuildPhase;
			buildActionMask = 2147483647;
			dstPath = "include/$(PRODUCT_NAME)";
			dstSubfolderSpec = 16;
			files = (
				40637E161CC771AB00E05C71 /* i3Utils.h in CopyFiles */,
			);
			runOnlyForDeploymentPostprocessing = 0;
		};
/* End PBXCopyFilesBuildPhase section */

/* Begin PBXFileReference section */
		40637E121CC771AB00E05C71 /* libi3Utils.a */ = {isa = PBXFileReference; explicitFileType = archive.ar; includeInIndex = 0; path = libi3Utils.a; sourceTree = BUILT_PRODUCTS_DIR; };
		40637E151CC771AB00E05C71 /* i3Utils.h */ = {isa = PBXFileReference; lastKnownFileType = sourcecode.c.h; path = i3Utils.h; sourceTree = "<group>"; };
		40637E171CC771AB00E05C71 /* i3Utils.m */ = {isa = PBXFileReference; lastKnownFileType = sourcecode.c.objc; path = i3Utils.m; sourceTree = "<group>"; };
		40637E1F1CC774C200E05C71 /* Categories */ = {isa = PBXFileReference; lastKnownFileType = folder; path = Categories; sourceTree = "<group>"; };
/* End PBXFileReference section */

/* Begin PBXFrameworksBuildPhase section */
		40637E0F1CC771AB00E05C71 /* Frameworks */ = {
			isa = PBXFrameworksBuildPhase;
			buildActionMask = 2147483647;
			files = (
			);
			runOnlyForDeploymentPostprocessing = 0;
		};
/* End PBXFrameworksBuildPhase section */

/* Begin PBXGroup section */
		40637E091CC771AB00E05C71 = {
			isa = PBXGroup;
			children = (
				40637E141CC771AB00E05C71 /* i3Utils */,
				40637E131CC771AB00E05C71 /* Products */,
			);
			sourceTree = "<group>";
		};
		40637E131CC771AB00E05C71 /* Products */ = {
			isa = PBXGroup;
			children = (
				40637E121CC771AB00E05C71 /* libi3Utils.a */,
			);
			name = Products;
			sourceTree = "<group>";
		};
		40637E141CC771AB00E05C71 /* i3Utils */ = {
			isa = PBXGroup;
			children = (
				40637E1F1CC774C200E05C71 /* Categories */,
				40637E151CC771AB00E05C71 /* i3Utils.h */,
				40637E171CC771AB00E05C71 /* i3Utils.m */,
			);
			path = i3Utils;
			sourceTree = "<group>";
		};
/* End PBXGroup section */

/* Begin PBXNativeTarget section */
		40637E111CC771AB00E05C71 /* i3Utils */ = {
			isa = PBXNativeTarget;
			buildConfigurationList = 40637E1B1CC771AB00E05C71 /* Build configuration list for PBXNativeTarget "i3Utils" */;
			buildPhases = (
				40637E0E1CC771AB00E05C71 /* Sources */,
				40637E0F1CC771AB00E05C71 /* Frameworks */,
				40637E101CC771AB00E05C71 /* CopyFiles */,
			);
			buildRules = (
			);
			dependencies = (
			);
			name = i3Utils;
			productName = i3Utils;
			productReference = 40637E121CC771AB00E05C71 /* libi3Utils.a */;
			productType = "com.apple.product-type.library.static";
		};
/* End PBXNativeTarget section */

/* Begin PBXProject section */
		40637E0A1CC771AB00E05C71 /* Project object */ = {
			isa = PBXProject;
			attributes = {
				LastUpgradeCheck = 0730;
				ORGANIZATIONNAME = I3Television;
				TargetAttributes = {
					40637E111CC771AB00E05C71 = {
						CreatedOnToolsVersion = 7.3;
					};
				};
			};
			buildConfigurationList = 40637E0D1CC771AB00E05C71 /* Build configuration list for PBXProject "i3Utils" */;
			compatibilityVersion = "Xcode 3.2";
			developmentRegion = English;
			hasScannedForEncodings = 0;
			knownRegions = (
				en,
			);
			mainGroup = 40637E091CC771AB00E05C71;
			productRefGroup = 40637E131CC771AB00E05C71 /* Products */;
			projectDirPath = "";
			projectRoot = "";
			targets = (
				40637E111CC771AB00E05C71 /* i3Utils */,
			);
		};
/* End PBXProject section */

/* Begin PBXSourcesBuildPhase section */
		40637E0E1CC771AB00E05C71 /* Sources */ = {
			isa = PBXSourcesBuildPhase;
			buildActionMask = 2147483647;
			files = (
				40637E181CC771AB00E05C71 /* i3Utils.m in Sources */,
			);
			runOnlyForDeploymentPostprocessing = 0;
		};
/* End PBXSourcesBuildPhase section */

/* Begin XCBuildConfiguration section */
		40637E191CC771AB00E05C71 /* Debug */ = {
			isa = XCBuildConfiguration;
			buildSettings = {
				ALWAYS_SEARCH_USER_PATHS = NO;
				CLANG_ANALYZER_NONNULL = YES;
				CLANG_CXX_LANGUAGE_STANDARD = "gnu++0x";
				CLANG_CXX_LIBRARY = "libc++";
				CLANG_ENABLE_MODULES = YES;
				CLANG_ENABLE_OBJC_ARC = YES;
				CLANG_WARN_BOOL_CONVERSION = YES;
				CLANG_WARN_CONSTANT_CONVERSION = YES;
				CLANG_WARN_DIRECT_OBJC_ISA_USAGE = YES_ERROR;
				CLANG_WARN_EMPTY_BODY = YES;
				CLANG_WARN_ENUM_CONVERSION = YES;
				CLANG_WARN_INT_CONVERSION = YES;
				CLANG_WARN_OBJC_ROOT_CLASS = YES_ERROR;
				CLANG_WARN_UNREACHABLE_CODE = YES;
				CLANG_WARN__DUPLICATE_METHOD_MATCH = YES;
				"CODE_SIGN_IDENTITY[sdk=iphoneos*]" = "iPhone Developer";
				COPY_PHASE_STRIP = NO;
				DEBUG_INFORMATION_FORMAT = dwarf;
				ENABLE_STRICT_OBJC_MSGSEND = YES;
				ENABLE_TESTABILITY = YES;
				GCC_C_LANGUAGE_STANDARD = gnu99;
				GCC_DYNAMIC_NO_PIC = NO;
				GCC_NO_COMMON_BLOCKS = YES;
				GCC_OPTIMIZATION_LEVEL = 0;
				GCC_PREPROCESSOR_DEFINITIONS = (
					"DEBUG=1",
					"$(inherited)",
				);
				GCC_WARN_64_TO_32_BIT_CONVERSION = YES;
				GCC_WARN_ABOUT_RETURN_TYPE = YES_ERROR;
				GCC_WARN_UNDECLARED_SELECTOR = YES;
				GCC_WARN_UNINITIALIZED_AUTOS = YES_AGGRESSIVE;
				GCC_WARN_UNUSED_FUNCTION = YES;
				GCC_WARN_UNUSED_VARIABLE = YES;
				IPHONEOS_DEPLOYMENT_TARGET = 9.3;
				MTL_ENABLE_DEBUG_INFO = YES;
				ONLY_ACTIVE_ARCH = YES;
				SDKROOT = iphoneos;
			};
			name = Debug;
		};
		40637E1A1CC771AB00E05C71 /* Release */ = {
			isa = XCBuildConfiguration;
			buildSettings = {
				ALWAYS_SEARCH_USER_PATHS = NO;
				CLANG_ANALYZER_NONNULL = YES;
				CLANG_CXX_LANGUAGE_STANDARD = "gnu++0x";
				CLANG_CXX_LIBRARY = "libc++";
				CLANG_ENABLE_MODULES = YES;
				CLANG_ENABLE_OBJC_ARC = YES;
				CLANG_WARN_BOOL_CONVERSION = YES;
				CLANG_WARN_CONSTANT_CONVERSION = YES;
				CLANG_WARN_DIRECT_OBJC_ISA_USAGE = YES_ERROR;
				CLANG_WARN_EMPTY_BODY = YES;
				CLANG_WARN_ENUM_CONVERSION = YES;
				CLANG_WARN_INT_CONVERSION = YES;
				CLANG_WARN_OBJC_ROOT_CLASS = YES_ERROR;
				CLANG_WARN_UNREACHABLE_CODE = YES;
				CLANG_WARN__DUPLICATE_METHOD_MATCH = YES;
				"CODE_SIGN_IDENTITY[sdk=iphoneos*]" = "iPhone Developer";
				COPY_PHASE_STRIP = NO;
				DEBUG_INFORMATION_FORMAT = "dwarf-with-dsym";
				ENABLE_NS_ASSERTIONS = NO;
				ENABLE_STRICT_OBJC_MSGSEND = YES;
				GCC_C_LANGUAGE_STANDARD = gnu99;
				GCC_NO_COMMON_BLOCKS = YES;
				GCC_WARN_64_TO_32_BIT_CONVERSION = YES;
				GCC_WARN_ABOUT_RETURN_TYPE = YES_ERROR;
				GCC_WARN_UNDECLARED_SELECTOR = YES;
				GCC_WARN_UNINITIALIZED_AUTOS = YES_AGGRESSIVE;
				GCC_WARN_UNUSED_FUNCTION = YES;
				GCC_WARN_UNUSED_VARIABLE = YES;
				IPHONEOS_DEPLOYMENT_TARGET = 9.3;
				MTL_ENABLE_DEBUG_INFO = NO;
				SDKROOT = iphoneos;
				VALIDATE_PRODUCT = YES;
			};
			name = Release;
		};
		40637E1C1CC771AB00E05C71 /* Debug */ = {
			isa = XCBuildConfiguration;
			buildSettings = {
				OTHER_LDFLAGS = "-ObjC";
				PRODUCT_NAME = "$(TARGET_NAME)";
				SKIP_INSTALL = YES;
			};
			name = Debug;
		};
		40637E1D1CC771AB00E05C71 /* Release */ = {
			isa = XCBuildConfiguration;
			buildSettings = {
				OTHER_LDFLAGS = "-ObjC";
				PRODUCT_NAME = "$(TARGET_NAME)";
				SKIP_INSTALL = YES;
			};
			name = Release;
		};
/* End XCBuildConfiguration section */

/* Begin XCConfigurationList section */
		40637E0D1CC771AB00E05C71 /* Build configuration list for PBXProject "i3Utils" */ = {
			isa = XCConfigurationList;
			buildConfigurations = (
				40637E191CC771AB00E05C71 /* Debug */,
				40637E1A1CC771AB00E05C71 /* Release */,
			);
			defaultConfigurationIsVisible = 0;
			defaultConfigurationName = Release;
		};
		40637E1B1CC771AB00E05C71 /* Build configuration list for PBXNativeTarget "i3Utils" */ = {
			isa = XCConfigurationList;
			buildConfigurations = (
				40637E1C1CC771AB00E05C71 /* Debug */,
				40637E1D1CC771AB00E05C71 /* Release */,
			);
			defaultConfigurationIsVisible = 0;
		};
/* End XCConfigurationList section */
	};
	rootObject = 40637E0A1CC771AB00E05C71 /* Project object */;
}
